# generated by rye
# use `rye lock` or `rye sync` to update this lockfile
#
# last locked with the following flags:
#   pre: false
#   features: []
#   all-features: false
#   with-sources: false

-e file:.
advanced-alchemy==0.8.4
    # via litestar
aiosqlite==0.20.0
    # via starberry
alembic==1.13.1
    # via advanced-alchemy
annotated-types==0.6.0
    # via pydantic
anyio==4.3.0
    # via httpx
    # via litestar
    # via starlette
    # via watchfiles
certifi==2024.2.2
    # via httpcore
    # via httpx
click==8.1.7
    # via litestar
    # via rich-click
    # via typer
    # via uvicorn
dnspython==2.6.1
    # via email-validator
editorconfig==0.12.4
    # via jsbeautifier
email-validator==2.1.1
    # via litestar
faker==25.2.0
    # via polyfactory
fast-query-parsers==1.0.3
    # via litestar
graphql-core==3.2.3
    # via strawberry-graphql
greenlet==3.0.3
    # via sqlalchemy
h11==0.14.0
    # via httpcore
    # via uvicorn
httpcore==1.0.5
    # via httpx
httptools==0.6.1
    # via uvicorn
httpx==0.27.0
    # via litestar
idna==3.7
    # via anyio
    # via email-validator
    # via httpx
jinja2==3.1.4
    # via litestar
jsbeautifier==1.15.1
    # via litestar
libcst==1.3.1
    # via strawberry-graphql
litestar==2.8.3
    # via litestar
    # via starberry
mako==1.3.5
    # via alembic
markdown-it-py==3.0.0
    # via rich
markupsafe==2.1.5
    # via jinja2
    # via mako
mdurl==0.1.2
    # via markdown-it-py
msgspec==0.18.6
    # via litestar
multidict==6.0.5
    # via litestar
polyfactory==2.16.0
    # via litestar
pydantic==2.7.1
    # via litestar
    # via pydantic-extra-types
pydantic-core==2.18.2
    # via pydantic
pydantic-extra-types==2.7.0
    # via litestar
pygments==2.18.0
    # via rich
    # via strawberry-graphql
python-dateutil==2.9.0.post0
    # via faker
    # via strawberry-graphql
python-dotenv==1.0.1
    # via uvicorn
python-multipart==0.0.9
    # via strawberry-graphql
pyyaml==6.0.1
    # via libcst
    # via litestar
    # via uvicorn
rich==13.7.1
    # via litestar
    # via rich-click
    # via strawberry-graphql
    # via typer
rich-click==1.8.2
    # via litestar
shellingham==1.5.4
    # via typer
six==1.16.0
    # via jsbeautifier
    # via python-dateutil
sniffio==1.3.1
    # via anyio
    # via httpx
sqlalchemy==2.0.30
    # via advanced-alchemy
    # via alembic
starlette==0.37.2
    # via strawberry-graphql
strawberry-graphql==0.229.1
    # via starberry
    # via strawberry-graphql
structlog==24.1.0
    # via litestar
typer==0.12.3
    # via strawberry-graphql
typing-extensions==4.11.0
    # via advanced-alchemy
    # via aiosqlite
    # via alembic
    # via litestar
    # via polyfactory
    # via pydantic
    # via pydantic-core
    # via rich-click
    # via sqlalchemy
    # via strawberry-graphql
    # via typer
uvicorn==0.29.0
    # via litestar
    # via strawberry-graphql
uvloop==0.19.0
    # via litestar
    # via uvicorn
watchfiles==0.21.0
    # via uvicorn
websockets==12.0
    # via uvicorn
